
Microsoft Visual Studio Solution File, Format Version 12.00
# Visual Studio Version 17
VisualStudioVersion = 17.0.31903.59
MinimumVisualStudioVersion = 10.0.40219.1
Project("{FAE04EC0-301F-11D3-BF4B-00C04F79EFBC}") = "5_Task WPF", "5_Task WPF\5_Task WPF.csproj", "{2B77B608-0CF3-451B-BAEC-D1C397A6A123}"
EndProject
Global
	GlobalSection(SolutionConfigurationPlatforms) = preSolution
		Debug|Any CPU = Debug|Any CPU
		Release|Any CPU = Release|Any CPU
	EndGlobalSection
	GlobalSection(ProjectConfigurationPlatforms) = postSolution
		{2B77B608-0CF3-451B-BAEC-D1C397A6A123}.Debug|Any CPU.ActiveCfg = Debug|Any CPU
		{2B77B608-0CF3-451B-BAEC-D1C397A6A123}.Debug|Any CPU.Build.0 = Debug|Any CPU
		{2B77B608-0CF3-451B-BAEC-D1C397A6A123}.Release|Any CPU.ActiveCfg = Release|Any CPU
		{2B77B608-0CF3-451B-BAEC-D1C397A6A123}.Release|Any CPU.Build.0 = Release|Any CPU
	EndGlobalSection
	GlobalSection(SolutionProperties) = preSolution
		HideSolutionNode = FALSE
	EndGlobalSection
	GlobalSection(ExtensibilityGlobals) = postSolution
		SolutionGuid = {F0EF2E54-459A-4DB2-A8C9-91A4DFDF5399}
	EndGlobalSection
EndGlobal
